Microsoft Visual Studio Solution File, Format Version 11.00
# Visual Studio 2008

Project("{A5661894-7A79-2132-7E58-DA0251E5C4EC}") = "BacteriaFight", "Assembly-CSharp.csproj", "{ACE5F308-0DF1-73A9-3CB0-1C065EBAFD47}"
EndProject
Global
	GlobalSection(SolutionConfigurationPlatforms) = preSolution
		Debug|Any CPU = Debug|Any CPU
		Release|Any CPU = Release|Any CPU
	EndGlobalSection
	GlobalSection(ProjectConfigurationPlatforms) = postSolution
		{ACE5F308-0DF1-73A9-3CB0-1C065EBAFD47}.Debug|Any CPU.ActiveCfg = Debug|Any CPU
		{ACE5F308-0DF1-73A9-3CB0-1C065EBAFD47}.Debug|Any CPU.Build.0 = Debug|Any CPU
		{ACE5F308-0DF1-73A9-3CB0-1C065EBAFD47}.Release|Any CPU.ActiveCfg = Release|Any CPU
		{ACE5F308-0DF1-73A9-3CB0-1C065EBAFD47}.Release|Any CPU.Build.0 = Release|Any CPU
	EndGlobalSection
	GlobalSection(SolutionProperties) = preSolution
		HideSolutionNode = FALSE
	EndGlobalSection
	GlobalSection(MonoDevelopProperties) = preSolution
		StartupItem = Assembly-CSharp.csproj
	EndGlobalSection
EndGlobal
